// !$*UTF8*$!
{
	archiveVersion = 1;
	classes = {
	};
	objectVersion = 56;
	objects = {

/* Begin PBXBuildFile section */
		1814C6852BF778BC008054D3 /* AppDelegate.swift in Sources */ = {isa = PBXBuildFile; fileRef = 1814C6842BF778BC008054D3 /* AppDelegate.swift */; };
		1814C6872BF778BC008054D3 /* SceneDelegate.swift in Sources */ = {isa = PBXBuildFile; fileRef = 1814C6862BF778BC008054D3 /* SceneDelegate.swift */; };
		1814C6892BF778BC008054D3 /* JournalListViewController.swift in Sources */ = {isa = PBXBuildFile; fileRef = 1814C6882BF778BC008054D3 /* JournalListViewController.swift */; };
		1814C68E2BF778BE008054D3 /* Assets.xcassets in Resources */ = {isa = PBXBuildFile; fileRef = 1814C68D2BF778BE008054D3 /* Assets.xcassets */; };
		1814C6912BF778BE008054D3 /* Base in Resources */ = {isa = PBXBuildFile; fileRef = 1814C6902BF778BE008054D3 /* Base */; };
		1814C69B2BF77E52008054D3 /* MapViewController.swift in Sources */ = {isa = PBXBuildFile; fileRef = 1814C69A2BF77E52008054D3 /* MapViewController.swift */; };
		1814C69D2BF78774008054D3 /* AddJournalViewController.swift in Sources */ = {isa = PBXBuildFile; fileRef = 1814C69C2BF78774008054D3 /* AddJournalViewController.swift */; };
		1814C6A12BF791F8008054D3 /* JournalDetailViewController.swift in Sources */ = {isa = PBXBuildFile; fileRef = 1814C6A02BF791F8008054D3 /* JournalDetailViewController.swift */; };
		1814C6A32BF7936A008054D3 /* JournalListTableViewCell.swift in Sources */ = {isa = PBXBuildFile; fileRef = 1814C6A22BF7936A008054D3 /* JournalListTableViewCell.swift */; };
		1814C6A62BF79E6F008054D3 /* JournalEntry.swift in Sources */ = {isa = PBXBuildFile; fileRef = 1814C6A52BF79E6F008054D3 /* JournalEntry.swift */; };
/* End PBXBuildFile section */

/* Begin PBXFileReference section */
		1814C6812BF778BC008054D3 /* Journal_Codeonly.app */ = {isa = PBXFileReference; explicitFileType = wrapper.application; includeInIndex = 0; path = Journal_Codeonly.app; sourceTree = BUILT_PRODUCTS_DIR; };
		1814C6842BF778BC008054D3 /* AppDelegate.swift */ = {isa = PBXFileReference; lastKnownFileType = sourcecode.swift; path = AppDelegate.swift; sourceTree = "<group>"; };
		1814C6862BF778BC008054D3 /* SceneDelegate.swift */ = {isa = PBXFileReference; lastKnownFileType = sourcecode.swift; path = SceneDelegate.swift; sourceTree = "<group>"; };
		1814C6882BF778BC008054D3 /* JournalListViewController.swift */ = {isa = PBXFileReference; lastKnownFileType = sourcecode.swift; path = JournalListViewController.swift; sourceTree = "<group>"; };
		1814C68D2BF778BE008054D3 /* Assets.xcassets */ = {isa = PBXFileReference; lastKnownFileType = folder.assetcatalog; path = Assets.xcassets; sourceTree = "<group>"; };
		1814C6902BF778BE008054D3 /* Base */ = {isa = PBXFileReference; lastKnownFileType = file.storyboard; name = Base; path = Base.lproj/LaunchScreen.storyboard; sourceTree = "<group>"; };
		1814C6922BF778BE008054D3 /* Info.plist */ = {isa = PBXFileReference; lastKnownFileType = text.plist.xml; path = Info.plist; sourceTree = "<group>"; };
		1814C69A2BF77E52008054D3 /* MapViewController.swift */ = {isa = PBXFileReference; lastKnownFileType = sourcecode.swift; path = MapViewController.swift; sourceTree = "<group>"; };
		1814C69C2BF78774008054D3 /* AddJournalViewController.swift */ = {isa = PBXFileReference; lastKnownFileType = sourcecode.swift; path = AddJournalViewController.swift; sourceTree = "<group>"; };
		1814C6A02BF791F8008054D3 /* JournalDetailViewController.swift */ = {isa = PBXFileReference; lastKnownFileType = sourcecode.swift; path = JournalDetailViewController.swift; sourceTree = "<group>"; };
		1814C6A22BF7936A008054D3 /* JournalListTableViewCell.swift */ = {isa = PBXFileReference; lastKnownFileType = sourcecode.swift; path = JournalListTableViewCell.swift; sourceTree = "<group>"; };
		1814C6A52BF79E6F008054D3 /* JournalEntry.swift */ = {isa = PBXFileReference; lastKnownFileType = sourcecode.swift; path = JournalEntry.swift; sourceTree = "<group>"; };
/* End PBXFileReference section */

/* Begin PBXFrameworksBuildPhase section */
		1814C67E2BF778BC008054D3 /* Frameworks */ = {
			isa = PBXFrameworksBuildPhase;
			buildActionMask = 2147483647;
			files = (
			);
			runOnlyForDeploymentPostprocessing = 0;
		};
/* End PBXFrameworksBuildPhase section */

/* Begin PBXGroup section */
		1814C6782BF778BC008054D3 = {
			isa = PBXGroup;
			children = (
				1814C6832BF778BC008054D3 /* Journal_Codeonly */,
				1814C6822BF778BC008054D3 /* Products */,
			);
			sourceTree = "<group>";
		};
		1814C6822BF778BC008054D3 /* Products */ = {
			isa = PBXGroup;
			children = (
				1814C6812BF778BC008054D3 /* Journal_Codeonly.app */,
			);
			name = Products;
			sourceTree = "<group>";
		};
		1814C6832BF778BC008054D3 /* Journal_Codeonly */ = {
			isa = PBXGroup;
			children = (
				1814C6842BF778BC008054D3 /* AppDelegate.swift */,
				1814C6862BF778BC008054D3 /* SceneDelegate.swift */,
				1814C6A42BF79416008054D3 /* JournalList Screen */,
				1814C69C2BF78774008054D3 /* AddJournalViewController.swift */,
				1814C6A02BF791F8008054D3 /* JournalDetailViewController.swift */,
				1814C69A2BF77E52008054D3 /* MapViewController.swift */,
				1814C68D2BF778BE008054D3 /* Assets.xcassets */,
				1814C68F2BF778BE008054D3 /* LaunchScreen.storyboard */,
				1814C6922BF778BE008054D3 /* Info.plist */,
				1814C6A52BF79E6F008054D3 /* JournalEntry.swift */,
			);
			path = Journal_Codeonly;
			sourceTree = "<group>";
		};
		1814C6A42BF79416008054D3 /* JournalList Screen */ = {
			isa = PBXGroup;
			children = (
				1814C6882BF778BC008054D3 /* JournalListViewController.swift */,
				1814C6A22BF7936A008054D3 /* JournalListTableViewCell.swift */,
			);
			path = "JournalList Screen";
			sourceTree = "<group>";
		};
/* End PBXGroup section */

/* Begin PBXNativeTarget section */
		1814C6802BF778BC008054D3 /* Journal_Codeonly */ = {
			isa = PBXNativeTarget;
			buildConfigurationList = 1814C6952BF778BE008054D3 /* Build configuration list for PBXNativeTarget "Journal_Codeonly" */;
			buildPhases = (
				1814C67D2BF778BC008054D3 /* Sources */,
				1814C67E2BF778BC008054D3 /* Frameworks */,
				1814C67F2BF778BC008054D3 /* Resources */,
			);
			buildRules = (
			);
			dependencies = (
			);
			name = Journal_Codeonly;
			productName = Journal_Codeonly;
			productReference = 1814C6812BF778BC008054D3 /* Journal_Codeonly.app */;
			productType = "com.apple.product-type.application";
		};
/* End PBXNativeTarget section */

/* Begin PBXProject section */
		1814C6792BF778BC008054D3 /* Project object */ = {
			isa = PBXProject;
			attributes = {
				BuildIndependentTargetsInParallel = 1;
				LastSwiftUpdateCheck = 1530;
				LastUpgradeCheck = 1530;
				TargetAttributes = {
					1814C6802BF778BC008054D3 = {
						CreatedOnToolsVersion = 15.3;
					};
				};
			};
			buildConfigurationList = 1814C67C2BF778BC008054D3 /* Build configuration list for PBXProject "Journal_Codeonly" */;
			compatibilityVersion = "Xcode 14.0";
			developmentRegion = en;
			hasScannedForEncodings = 0;
			knownRegions = (
				en,
				Base,
			);
			mainGroup = 1814C6782BF778BC008054D3;
			productRefGroup = 1814C6822BF778BC008054D3 /* Products */;
			projectDirPath = "";
			projectRoot = "";
			targets = (
				1814C6802BF778BC008054D3 /* Journal_Codeonly */,
			);
		};
/* End PBXProject section */

/* Begin PBXResourcesBuildPhase section */
		1814C67F2BF778BC008054D3 /* Resources */ = {
			isa = PBXResourcesBuildPhase;
			buildActionMask = 2147483647;
			files = (
				1814C68E2BF778BE008054D3 /* Assets.xcassets in Resources */,
				1814C6912BF778BE008054D3 /* Base in Resources */,
			);
			runOnlyForDeploymentPostprocessing = 0;
		};
/* End PBXResourcesBuildPhase section */

/* Begin PBXSourcesBuildPhase section */
		1814C67D2BF778BC008054D3 /* Sources */ = {
			isa = PBXSourcesBuildPhase;
			buildActionMask = 2147483647;
			files = (
				1814C6892BF778BC008054D3 /* JournalListViewController.swift in Sources */,
				1814C6A12BF791F8008054D3 /* JournalDetailViewController.swift in Sources */,
				1814C6A62BF79E6F008054D3 /* JournalEntry.swift in Sources */,
				1814C6A32BF7936A008054D3 /* JournalListTableViewCell.swift in Sources */,
				1814C6852BF778BC008054D3 /* AppDelegate.swift in Sources */,
				1814C69B2BF77E52008054D3 /* MapViewController.swift in Sources */,
				1814C6872BF778BC008054D3 /* SceneDelegate.swift in Sources */,
				1814C69D2BF78774008054D3 /* AddJournalViewController.swift in Sources */,
			);
			runOnlyForDeploymentPostprocessing = 0;
		};
/* End PBXSourcesBuildPhase section */

/* Begin PBXVariantGroup section */
		1814C68F2BF778BE008054D3 /* LaunchScreen.storyboard */ = {
			isa = PBXVariantGroup;
			children = (
				1814C6902BF778BE008054D3 /* Base */,
			);
			name = LaunchScreen.storyboard;
			sourceTree = "<group>";
		};
/* End PBXVariantGroup section */

/* Begin XCBuildConfiguration section */
		1814C6932BF778BE008054D3 /* Debug */ = {
			isa = XCBuildConfiguration;
			buildSettings = {
				ALWAYS_SEARCH_USER_PATHS = NO;
				ASSETCATALOG_COMPILER_GENERATE_SWIFT_ASSET_SYMBOL_EXTENSIONS = YES;
				CLANG_ANALYZER_NONNULL = YES;
				CLANG_ANALYZER_NUMBER_OBJECT_CONVERSION = YES_AGGRESSIVE;
				CLANG_CXX_LANGUAGE_STANDARD = "gnu++20";
				CLANG_ENABLE_MODULES = YES;
				CLANG_ENABLE_OBJC_ARC = YES;
				CLANG_ENABLE_OBJC_WEAK = YES;
				CLANG_WARN_BLOCK_CAPTURE_AUTORELEASING = YES;
				CLANG_WARN_BOOL_CONVERSION = YES;
				CLANG_WARN_COMMA = YES;
				CLANG_WARN_CONSTANT_CONVERSION = YES;
				CLANG_WARN_DEPRECATED_OBJC_IMPLEMENTATIONS = YES;
				CLANG_WARN_DIRECT_OBJC_ISA_USAGE = YES_ERROR;
				CLANG_WARN_DOCUMENTATION_COMMENTS = YES;
				CLANG_WARN_EMPTY_BODY = YES;
				CLANG_WARN_ENUM_CONVERSION = YES;
				CLANG_WARN_INFINITE_RECURSION = YES;
				CLANG_WARN_INT_CONVERSION = YES;
				CLANG_WARN_NON_LITERAL_NULL_CONVERSION = YES;
				CLANG_WARN_OBJC_IMPLICIT_RETAIN_SELF = YES;
				CLANG_WARN_OBJC_LITERAL_CONVERSION = YES;
				CLANG_WARN_OBJC_ROOT_CLASS = YES_ERROR;
				CLANG_WARN_QUOTED_INCLUDE_IN_FRAMEWORK_HEADER = YES;
				CLANG_WARN_RANGE_LOOP_ANALYSIS = YES;
				CLANG_WARN_STRICT_PROTOTYPES = YES;
				CLANG_WARN_SUSPICIOUS_MOVE = YES;
				CLANG_WARN_UNGUARDED_AVAILABILITY = YES_AGGRESSIVE;
				CLANG_WARN_UNREACHABLE_CODE = YES;
				CLANG_WARN__DUPLICATE_METHOD_MATCH = YES;
				COPY_PHASE_STRIP = NO;
				DEBUG_INFORMATION_FORMAT = dwarf;
				ENABLE_STRICT_OBJC_MSGSEND = YES;
				ENABLE_TESTABILITY = YES;
				ENABLE_USER_SCRIPT_SANDBOXING = YES;
				GCC_C_LANGUAGE_STANDARD = gnu17;
				GCC_DYNAMIC_NO_PIC = NO;
				GCC_NO_COMMON_BLOCKS = YES;
				GCC_OPTIMIZATION_LEVEL = 0;
				GCC_PREPROCESSOR_DEFINITIONS = (
					"DEBUG=1",
					"$(inherited)",
				);
				GCC_WARN_64_TO_32_BIT_CONVERSION = YES;
				GCC_WARN_ABOUT_RETURN_TYPE = YES_ERROR;
				GCC_WARN_UNDECLARED_SELECTOR = YES;
				GCC_WARN_UNINITIALIZED_AUTOS = YES_AGGRESSIVE;
				GCC_WARN_UNUSED_FUNCTION = YES;
				GCC_WARN_UNUSED_VARIABLE = YES;
				IPHONEOS_DEPLOYMENT_TARGET = 17.4;
				LOCALIZATION_PREFERS_STRING_CATALOGS = YES;
				MTL_ENABLE_DEBUG_INFO = INCLUDE_SOURCE;
				MTL_FAST_MATH = YES;
				ONLY_ACTIVE_ARCH = YES;
				SDKROOT = iphoneos;
				SWIFT_ACTIVE_COMPILATION_CONDITIONS = "DEBUG $(inherited)";
				SWIFT_OPTIMIZATION_LEVEL = "-Onone";
			};
			name = Debug;
		};
		1814C6942BF778BE008054D3 /* Release */ = {
			isa = XCBuildConfiguration;
			buildSettings = {
				ALWAYS_SEARCH_USER_PATHS = NO;
				ASSETCATALOG_COMPILER_GENERATE_SWIFT_ASSET_SYMBOL_EXTENSIONS = YES;
				CLANG_ANALYZER_NONNULL = YES;
				CLANG_ANALYZER_NUMBER_OBJECT_CONVERSION = YES_AGGRESSIVE;
				CLANG_CXX_LANGUAGE_STANDARD = "gnu++20";
				CLANG_ENABLE_MODULES = YES;
				CLANG_ENABLE_OBJC_ARC = YES;
				CLANG_ENABLE_OBJC_WEAK = YES;
				CLANG_WARN_BLOCK_CAPTURE_AUTORELEASING = YES;
				CLANG_WARN_BOOL_CONVERSION = YES;
				CLANG_WARN_COMMA = YES;
				CLANG_WARN_CONSTANT_CONVERSION = YES;
				CLANG_WARN_DEPRECATED_OBJC_IMPLEMENTATIONS = YES;
				CLANG_WARN_DIRECT_OBJC_ISA_USAGE = YES_ERROR;
				CLANG_WARN_DOCUMENTATION_COMMENTS = YES;
				CLANG_WARN_EMPTY_BODY = YES;
				CLANG_WARN_ENUM_CONVERSION = YES;
				CLANG_WARN_INFINITE_RECURSION = YES;
				CLANG_WARN_INT_CONVERSION = YES;
				CLANG_WARN_NON_LITERAL_NULL_CONVERSION = YES;
				CLANG_WARN_OBJC_IMPLICIT_RETAIN_SELF = YES;
				CLANG_WARN_OBJC_LITERAL_CONVERSION = YES;
				CLANG_WARN_OBJC_ROOT_CLASS = YES_ERROR;
				CLANG_WARN_QUOTED_INCLUDE_IN_FRAMEWORK_HEADER = YES;
				CLANG_WARN_RANGE_LOOP_ANALYSIS = YES;
				CLANG_WARN_STRICT_PROTOTYPES = YES;
				CLANG_WARN_SUSPICIOUS_MOVE = YES;
				CLANG_WARN_UNGUARDED_AVAILABILITY = YES_AGGRESSIVE;
				CLANG_WARN_UNREACHABLE_CODE = YES;
				CLANG_WARN__DUPLICATE_METHOD_MATCH = YES;
				COPY_PHASE_STRIP = NO;
				DEBUG_INFORMATION_FORMAT = "dwarf-with-dsym";
				ENABLE_NS_ASSERTIONS = NO;
				ENABLE_STRICT_OBJC_MSGSEND = YES;
				ENABLE_USER_SCRIPT_SANDBOXING = YES;
				GCC_C_LANGUAGE_STANDARD = gnu17;
				GCC_NO_COMMON_BLOCKS = YES;
				GCC_WARN_64_TO_32_BIT_CONVERSION = YES;
				GCC_WARN_ABOUT_RETURN_TYPE = YES_ERROR;
				GCC_WARN_UNDECLARED_SELECTOR = YES;
				GCC_WARN_UNINITIALIZED_AUTOS = YES_AGGRESSIVE;
				GCC_WARN_UNUSED_FUNCTION = YES;
				GCC_WARN_UNUSED_VARIABLE = YES;
				IPHONEOS_DEPLOYMENT_TARGET = 17.4;
				LOCALIZATION_PREFERS_STRING_CATALOGS = YES;
				MTL_ENABLE_DEBUG_INFO = NO;
				MTL_FAST_MATH = YES;
				SDKROOT = iphoneos;
				SWIFT_COMPILATION_MODE = wholemodule;
				VALIDATE_PRODUCT = YES;
			};
			name = Release;
		};
		1814C6962BF778BE008054D3 /* Debug */ = {
			isa = XCBuildConfiguration;
			buildSettings = {
				ASSETCATALOG_COMPILER_APPICON_NAME = AppIcon;
				ASSETCATALOG_COMPILER_GLOBAL_ACCENT_COLOR_NAME = AccentColor;
				CODE_SIGN_STYLE = Automatic;
				CURRENT_PROJECT_VERSION = 1;
				GENERATE_INFOPLIST_FILE = YES;
				INFOPLIST_FILE = Journal_Codeonly/Info.plist;
				INFOPLIST_KEY_UIApplicationSupportsIndirectInputEvents = YES;
				INFOPLIST_KEY_UILaunchStoryboardName = LaunchScreen;
				INFOPLIST_KEY_UISupportedInterfaceOrientations_iPad = "UIInterfaceOrientationPortrait UIInterfaceOrientationPortraitUpsideDown UIInterfaceOrientationLandscapeLeft UIInterfaceOrientationLandscapeRight";
				INFOPLIST_KEY_UISupportedInterfaceOrientations_iPhone = "UIInterfaceOrientationPortrait UIInterfaceOrientationLandscapeLeft UIInterfaceOrientationLandscapeRight";
				LD_RUNPATH_SEARCH_PATHS = (
					"$(inherited)",
					"@executable_path/Frameworks",
				);
				MARKETING_VERSION = 1.0;
				PRODUCT_BUNDLE_IDENTIFIER = "kr.co.wnyl.Journal-Codeonly";
				PRODUCT_NAME = "$(TARGET_NAME)";
				SWIFT_EMIT_LOC_STRINGS = YES;
				SWIFT_VERSION = 5.0;
				TARGETED_DEVICE_FAMILY = "1,2";
			};
			name = Debug;
		};
		1814C6972BF778BE008054D3 /* Release */ = {
			isa = XCBuildConfiguration;
			buildSettings = {
				ASSETCATALOG_COMPILER_APPICON_NAME = AppIcon;
				ASSETCATALOG_COMPILER_GLOBAL_ACCENT_COLOR_NAME = AccentColor;
				CODE_SIGN_STYLE = Automatic;
				CURRENT_PROJECT_VERSION = 1;
				GENERATE_INFOPLIST_FILE = YES;
				INFOPLIST_FILE = Journal_Codeonly/Info.plist;
				INFOPLIST_KEY_UIApplicationSupportsIndirectInputEvents = YES;
				INFOPLIST_KEY_UILaunchStoryboardName = LaunchScreen;
				INFOPLIST_KEY_UISupportedInterfaceOrientations_iPad = "UIInterfaceOrientationPortrait UIInterfaceOrientationPortraitUpsideDown UIInterfaceOrientationLandscapeLeft UIInterfaceOrientationLandscapeRight";
				INFOPLIST_KEY_UISupportedInterfaceOrientations_iPhone = "UIInterfaceOrientationPortrait UIInterfaceOrientationLandscapeLeft UIInterfaceOrientationLandscapeRight";
				LD_RUNPATH_SEARCH_PATHS = (
					"$(inherited)",
					"@executable_path/Frameworks",
				);
				MARKETING_VERSION = 1.0;
				PRODUCT_BUNDLE_IDENTIFIER = "kr.co.wnyl.Journal-Codeonly";
				PRODUCT_NAME = "$(TARGET_NAME)";
				SWIFT_EMIT_LOC_STRINGS = YES;
				SWIFT_VERSION = 5.0;
				TARGETED_DEVICE_FAMILY = "1,2";
			};
			name = Release;
		};
/* End XCBuildConfiguration section */

/* Begin XCConfigurationList section */
		1814C67C2BF778BC008054D3 /* Build configuration list for PBXProject "Journal_Codeonly" */ = {
			isa = XCConfigurationList;
			buildConfigurations = (
				1814C6932BF778BE008054D3 /* Debug */,
				1814C6942BF778BE008054D3 /* Release */,
			);
			defaultConfigurationIsVisible = 0;
			defaultConfigurationName = Release;
		};
		1814C6952BF778BE008054D3 /* Build configuration list for PBXNativeTarget "Journal_Codeonly" */ = {
			isa = XCConfigurationList;
			buildConfigurations = (
				1814C6962BF778BE008054D3 /* Debug */,
				1814C6972BF778BE008054D3 /* Release */,
			);
			defaultConfigurationIsVisible = 0;
			defaultConfigurationName = Release;
		};
/* End XCConfigurationList section */
	};
	rootObject = 1814C6792BF778BC008054D3 /* Project object */;
}
